
Microsoft Visual Studio Solution File, Format Version 12.00
# Visual Studio Version 17
VisualStudioVersion = 17.5.002.0
MinimumVisualStudioVersion = 10.0.40219.1
Project("{9A19103F-16F7-4668-BE54-9A1E7A4F7556}") = "HomeWork", "HomeWork_01\HomeWork.csproj", "{59CB06FD-2F1A-44E0-B6DA-6763CC90E445}"
EndProject
Project("{9A19103F-16F7-4668-BE54-9A1E7A4F7556}") = "HomeWork_02", "HomeWork_02\HomeWork_02.csproj", "{E5F0F5B4-3E19-453C-998C-9F18D83D2AC3}"
EndProject
Project("{9A19103F-16F7-4668-BE54-9A1E7A4F7556}") = "HomeWork_03", "HomeWork_03\HomeWork_03.csproj", "{E04B644F-E54F-4485-A410-39A9B8A419B7}"
EndProject
Project("{9A19103F-16F7-4668-BE54-9A1E7A4F7556}") = "HomeWork_04", "HomeWork_04\HomeWork_04.csproj", "{B797A494-29D5-432C-A8FA-B12E0611BE13}"
EndProject
Global
	GlobalSection(SolutionConfigurationPlatforms) = preSolution
		Debug|Any CPU = Debug|Any CPU
		Release|Any CPU = Release|Any CPU
	EndGlobalSection
	GlobalSection(ProjectConfigurationPlatforms) = postSolution
		{59CB06FD-2F1A-44E0-B6DA-6763CC90E445}.Debug|Any CPU.ActiveCfg = Debug|Any CPU
		{59CB06FD-2F1A-44E0-B6DA-6763CC90E445}.Debug|Any CPU.Build.0 = Debug|Any CPU
		{59CB06FD-2F1A-44E0-B6DA-6763CC90E445}.Release|Any CPU.ActiveCfg = Release|Any CPU
		{59CB06FD-2F1A-44E0-B6DA-6763CC90E445}.Release|Any CPU.Build.0 = Release|Any CPU
		{E5F0F5B4-3E19-453C-998C-9F18D83D2AC3}.Debug|Any CPU.ActiveCfg = Debug|Any CPU
		{E5F0F5B4-3E19-453C-998C-9F18D83D2AC3}.Debug|Any CPU.Build.0 = Debug|Any CPU
		{E5F0F5B4-3E19-453C-998C-9F18D83D2AC3}.Release|Any CPU.ActiveCfg = Release|Any CPU
		{E5F0F5B4-3E19-453C-998C-9F18D83D2AC3}.Release|Any CPU.Build.0 = Release|Any CPU
		{E04B644F-E54F-4485-A410-39A9B8A419B7}.Debug|Any CPU.ActiveCfg = Debug|Any CPU
		{E04B644F-E54F-4485-A410-39A9B8A419B7}.Debug|Any CPU.Build.0 = Debug|Any CPU
		{E04B644F-E54F-4485-A410-39A9B8A419B7}.Release|Any CPU.ActiveCfg = Release|Any CPU
		{E04B644F-E54F-4485-A410-39A9B8A419B7}.Release|Any CPU.Build.0 = Release|Any CPU
		{B797A494-29D5-432C-A8FA-B12E0611BE13}.Debug|Any CPU.ActiveCfg = Debug|Any CPU
		{B797A494-29D5-432C-A8FA-B12E0611BE13}.Debug|Any CPU.Build.0 = Debug|Any CPU
		{B797A494-29D5-432C-A8FA-B12E0611BE13}.Release|Any CPU.ActiveCfg = Release|Any CPU
		{B797A494-29D5-432C-A8FA-B12E0611BE13}.Release|Any CPU.Build.0 = Release|Any CPU
	EndGlobalSection
	GlobalSection(SolutionProperties) = preSolution
		HideSolutionNode = FALSE
	EndGlobalSection
	GlobalSection(ExtensibilityGlobals) = postSolution
		SolutionGuid = {6D4F1F36-D99E-4203-AA18-BD03FF4D9826}
	EndGlobalSection
EndGlobal
